<Solution>
  <Folder Name="/src/">
    <Project Path="src/MahjongAgent.Agent/MahjongAgent.Agent.csproj" />
    <Project Path="src/MahjongAgent.Capture.Abstractions/MahjongAgent.Capture.Abstractions.csproj" />
    <Project Path="src/MahjongAgent.Core/MahjongAgent.Core.csproj" />
    <Project Path="src/MahjongAgent.Perception/MahjongAgent.Perception.csproj" />
    <Project Path="src/MahjongAgent.Platform.Windows/MahjongAgent.Platform.Windows.csproj" />
    <Project Path="src/MahjongAgent.Providers.OpenAICompatible/MahjongAgent.Providers.OpenAICompatible.csproj" />
    <Project Path="src/MahjongAgent.Rules.Wuhan/MahjongAgent.Rules.Wuhan.csproj" />
    <Project Path="src/MahjongAgent.Storage/MahjongAgent.Storage.csproj" />
    <Project Path="src/MahjongAgent.Strategy/MahjongAgent.Strategy.csproj" />
  </Folder>
  <Folder Name="/tests/">
    <Project Path="tests/MahjongAgent.Agent.Tests/MahjongAgent.Agent.Tests.csproj" />
    <Project Path="tests/MahjongAgent.Architecture.Tests/MahjongAgent.Architecture.Tests.csproj" />
    <Project Path="tests/MahjongAgent.Capture.Abstractions.Tests/MahjongAgent.Capture.Abstractions.Tests.csproj" />
    <Project Path="tests/MahjongAgent.Core.Tests/MahjongAgent.Core.Tests.csproj" />
    <Project Path="tests/MahjongAgent.Providers.OpenAICompatible.Tests/MahjongAgent.Providers.OpenAICompatible.Tests.csproj" />
    <Project Path="tests/MahjongAgent.Platform.Windows.Tests/MahjongAgent.Platform.Windows.Tests.csproj" />
    <Project Path="tests/MahjongAgent.Perception.Tests/MahjongAgent.Perception.Tests.csproj" />
    <Project Path="tests/MahjongAgent.Rules.Wuhan.Tests/MahjongAgent.Rules.Wuhan.Tests.csproj" />
    <Project Path="tests/MahjongAgent.Storage.Tests/MahjongAgent.Storage.Tests.csproj" />
  </Folder>
</Solution>
